// !$*UTF8*$!
{
	archiveVersion = 1;
	classes = {
	};
	objectVersion = 48;
	objects = {

/* Begin PBXBuildFile section */
		FD34D01C1FAE2EF600174A4F /* CoreBluetooth.framework in Frameworks */ = {isa = PBXBuildFile; fileRef = FD34D01B1FAE2E9200174A4F /* CoreBluetooth.framework */; };
		FDAAA1FB1FAA220600A7DFA3 /* AppDelegate.swift in Sources */ = {isa = PBXBuildFile; fileRef = FDAAA1FA1FAA220600A7DFA3 /* AppDelegate.swift */; };
		FDAAA1FD1FAA220600A7DFA3 /* ViewController.swift in Sources */ = {isa = PBXBuildFile; fileRef = FDAAA1FC1FAA220600A7DFA3 /* ViewController.swift */; };
		FDAAA1FF1FAA220600A7DFA3 /* Assets.xcassets in Resources */ = {isa = PBXBuildFile; fileRef = FDAAA1FE1FAA220600A7DFA3 /* Assets.xcassets */; };
		FDAAA2021FAA220700A7DFA3 /* Main.storyboard in Resources */ = {isa = PBXBuildFile; fileRef = FDAAA2001FAA220700A7DFA3 /* Main.storyboard */; };
		FDAAA20E1FAA220700A7DFA3 /* TakeakariBibbleTests.swift in Sources */ = {isa = PBXBuildFile; fileRef = FDAAA20D1FAA220700A7DFA3 /* TakeakariBibbleTests.swift */; };
		FDAAA2191FAA220700A7DFA3 /* TakeakariBibbleUITests.swift in Sources */ = {isa = PBXBuildFile; fileRef = FDAAA2181FAA220700A7DFA3 /* TakeakariBibbleUITests.swift */; };
		FDF5EE931FB9900F001E0F84 /* Connection.swift in Sources */ = {isa = PBXBuildFile; fileRef = FDF5EE921FB9900F001E0F84 /* Connection.swift */; };
		FDFA77A81FB2286200A965FE /* Biblle.swift in Sources */ = {isa = PBXBuildFile; fileRef = FDFA77A71FB2286200A965FE /* Biblle.swift */; };
		FDFA77AA1FB2305500A965FE /* AppleMfgData.swift in Sources */ = {isa = PBXBuildFile; fileRef = FDFA77A91FB2305500A965FE /* AppleMfgData.swift */; };
/* End PBXBuildFile section */

/* Begin PBXContainerItemProxy section */
		FDAAA20A1FAA220700A7DFA3 /* PBXContainerItemProxy */ = {
			isa = PBXContainerItemProxy;
			containerPortal = FDAAA1EF1FAA220600A7DFA3 /* Project object */;
			proxyType = 1;
			remoteGlobalIDString = FDAAA1F61FAA220600A7DFA3;
			remoteInfo = BibbleTest;
		};
		FDAAA2151FAA220700A7DFA3 /* PBXContainerItemProxy */ = {
			isa = PBXContainerItemProxy;
			containerPortal = FDAAA1EF1FAA220600A7DFA3 /* Project object */;
			proxyType = 1;
			remoteGlobalIDString = FDAAA1F61FAA220600A7DFA3;
			remoteInfo = BibbleTest;
		};
/* End PBXContainerItemProxy section */

/* Begin PBXFileReference section */
		FD34CFE01FABDDA900174A4F /* CoreLocation.framework */ = {isa = PBXFileReference; lastKnownFileType = wrapper.framework; name = CoreLocation.framework; path = System/Library/Frameworks/CoreLocation.framework; sourceTree = SDKROOT; };
		FD34D01B1FAE2E9200174A4F /* CoreBluetooth.framework */ = {isa = PBXFileReference; lastKnownFileType = wrapper.framework; name = CoreBluetooth.framework; path = System/Library/Frameworks/CoreBluetooth.framework; sourceTree = SDKROOT; };
		FDAAA1F71FAA220600A7DFA3 /* TakeakariBibble.app */ = {isa = PBXFileReference; explicitFileType = wrapper.application; includeInIndex = 0; path = TakeakariBibble.app; sourceTree = BUILT_PRODUCTS_DIR; };
		FDAAA1FA1FAA220600A7DFA3 /* AppDelegate.swift */ = {isa = PBXFileReference; lastKnownFileType = sourcecode.swift; path = AppDelegate.swift; sourceTree = "<group>"; };
		FDAAA1FC1FAA220600A7DFA3 /* ViewController.swift */ = {isa = PBXFileReference; lastKnownFileType = sourcecode.swift; path = ViewController.swift; sourceTree = "<group>"; };
		FDAAA1FE1FAA220600A7DFA3 /* Assets.xcassets */ = {isa = PBXFileReference; lastKnownFileType = folder.assetcatalog; path = Assets.xcassets; sourceTree = "<group>"; };
		FDAAA2011FAA220700A7DFA3 /* Base */ = {isa = PBXFileReference; lastKnownFileType = file.storyboard; name = Base; path = Base.lproj/Main.storyboard; sourceTree = "<group>"; };
		FDAAA2031FAA220700A7DFA3 /* Info.plist */ = {isa = PBXFileReference; lastKnownFileType = text.plist.xml; path = Info.plist; sourceTree = "<group>"; };
		FDAAA2041FAA220700A7DFA3 /* TakeakariBibble.entitlements */ = {isa = PBXFileReference; lastKnownFileType = text.plist.entitlements; path = TakeakariBibble.entitlements; sourceTree = "<group>"; };
		FDAAA2091FAA220700A7DFA3 /* TakeakariBibbleTests.xctest */ = {isa = PBXFileReference; explicitFileType = wrapper.cfbundle; includeInIndex = 0; path = TakeakariBibbleTests.xctest; sourceTree = BUILT_PRODUCTS_DIR; };
		FDAAA20D1FAA220700A7DFA3 /* TakeakariBibbleTests.swift */ = {isa = PBXFileReference; lastKnownFileType = sourcecode.swift; path = TakeakariBibbleTests.swift; sourceTree = "<group>"; };
		FDAAA20F1FAA220700A7DFA3 /* Info.plist */ = {isa = PBXFileReference; lastKnownFileType = text.plist.xml; path = Info.plist; sourceTree = "<group>"; };
		FDAAA2141FAA220700A7DFA3 /* TakeakariBibbleUITests.xctest */ = {isa = PBXFileReference; explicitFileType = wrapper.cfbundle; includeInIndex = 0; path = TakeakariBibbleUITests.xctest; sourceTree = BUILT_PRODUCTS_DIR; };
		FDAAA2181FAA220700A7DFA3 /* TakeakariBibbleUITests.swift */ = {isa = PBXFileReference; lastKnownFileType = sourcecode.swift; path = TakeakariBibbleUITests.swift; sourceTree = "<group>"; };
		FDAAA21A1FAA220700A7DFA3 /* Info.plist */ = {isa = PBXFileReference; lastKnownFileType = text.plist.xml; path = Info.plist; sourceTree = "<group>"; };
		FDF5EE921FB9900F001E0F84 /* Connection.swift */ = {isa = PBXFileReference; lastKnownFileType = sourcecode.swift; path = Connection.swift; sourceTree = "<group>"; };
		FDFA77A71FB2286200A965FE /* Biblle.swift */ = {isa = PBXFileReference; lastKnownFileType = sourcecode.swift; path = Biblle.swift; sourceTree = "<group>"; };
		FDFA77A91FB2305500A965FE /* AppleMfgData.swift */ = {isa = PBXFileReference; lastKnownFileType = sourcecode.swift; path = AppleMfgData.swift; sourceTree = "<group>"; };
/* End PBXFileReference section */

/* Begin PBXFrameworksBuildPhase section */
		FDAAA1F41FAA220600A7DFA3 /* Frameworks */ = {
			isa = PBXFrameworksBuildPhase;
			buildActionMask = 2147483647;
			files = (
				FD34D01C1FAE2EF600174A4F /* CoreBluetooth.framework in Frameworks */,
			);
			runOnlyForDeploymentPostprocessing = 0;
		};
		FDAAA2061FAA220700A7DFA3 /* Frameworks */ = {
			isa = PBXFrameworksBuildPhase;
			buildActionMask = 2147483647;
			files = (
			);
			runOnlyForDeploymentPostprocessing = 0;
		};
		FDAAA2111FAA220700A7DFA3 /* Frameworks */ = {
			isa = PBXFrameworksBuildPhase;
			buildActionMask = 2147483647;
			files = (
			);
			runOnlyForDeploymentPostprocessing = 0;
		};
/* End PBXFrameworksBuildPhase section */

/* Begin PBXGroup section */
		FD34CFDF1FABDDA800174A4F /* Frameworks */ = {
			isa = PBXGroup;
			children = (
				FD34D01B1FAE2E9200174A4F /* CoreBluetooth.framework */,
				FD34CFE01FABDDA900174A4F /* CoreLocation.framework */,
			);
			name = Frameworks;
			sourceTree = "<group>";
		};
		FDAAA1EE1FAA220600A7DFA3 = {
			isa = PBXGroup;
			children = (
				FDAAA1F91FAA220600A7DFA3 /* TakeakariBibble */,
				FDAAA20C1FAA220700A7DFA3 /* TakeakariBibbleTests */,
				FDAAA2171FAA220700A7DFA3 /* TakeakariBibbleUITests */,
				FDAAA1F81FAA220600A7DFA3 /* Products */,
				FD34CFDF1FABDDA800174A4F /* Frameworks */,
			);
			sourceTree = "<group>";
		};
		FDAAA1F81FAA220600A7DFA3 /* Products */ = {
			isa = PBXGroup;
			children = (
				FDAAA1F71FAA220600A7DFA3 /* TakeakariBibble.app */,
				FDAAA2091FAA220700A7DFA3 /* TakeakariBibbleTests.xctest */,
				FDAAA2141FAA220700A7DFA3 /* TakeakariBibbleUITests.xctest */,
			);
			name = Products;
			sourceTree = "<group>";
		};
		FDAAA1F91FAA220600A7DFA3 /* TakeakariBibble */ = {
			isa = PBXGroup;
			children = (
				FDAAA1FA1FAA220600A7DFA3 /* AppDelegate.swift */,
				FDAAA1FC1FAA220600A7DFA3 /* ViewController.swift */,
				FDAAA1FE1FAA220600A7DFA3 /* Assets.xcassets */,
				FDAAA2001FAA220700A7DFA3 /* Main.storyboard */,
				FDAAA2031FAA220700A7DFA3 /* Info.plist */,
				FDAAA2041FAA220700A7DFA3 /* TakeakariBibble.entitlements */,
				FDFA77A71FB2286200A965FE /* Biblle.swift */,
				FDF5EE921FB9900F001E0F84 /* Connection.swift */,
				FDFA77A91FB2305500A965FE /* AppleMfgData.swift */,
			);
			path = TakeakariBibble;
			sourceTree = "<group>";
		};
		FDAAA20C1FAA220700A7DFA3 /* TakeakariBibbleTests */ = {
			isa = PBXGroup;
			children = (
				FDAAA20D1FAA220700A7DFA3 /* TakeakariBibbleTests.swift */,
				FDAAA20F1FAA220700A7DFA3 /* Info.plist */,
			);
			path = TakeakariBibbleTests;
			sourceTree = "<group>";
		};
		FDAAA2171FAA220700A7DFA3 /* TakeakariBibbleUITests */ = {
			isa = PBXGroup;
			children = (
				FDAAA2181FAA220700A7DFA3 /* TakeakariBibbleUITests.swift */,
				FDAAA21A1FAA220700A7DFA3 /* Info.plist */,
			);
			path = TakeakariBibbleUITests;
			sourceTree = "<group>";
		};
/* End PBXGroup section */

/* Begin PBXNativeTarget section */
		FDAAA1F61FAA220600A7DFA3 /* TakeakariBibble */ = {
			isa = PBXNativeTarget;
			buildConfigurationList = FDAAA21D1FAA220700A7DFA3 /* Build configuration list for PBXNativeTarget "TakeakariBibble" */;
			buildPhases = (
				FDAAA1F31FAA220600A7DFA3 /* Sources */,
				FDAAA1F41FAA220600A7DFA3 /* Frameworks */,
				FDAAA1F51FAA220600A7DFA3 /* Resources */,
			);
			buildRules = (
			);
			dependencies = (
			);
			name = TakeakariBibble;
			productName = BibbleTest;
			productReference = FDAAA1F71FAA220600A7DFA3 /* TakeakariBibble.app */;
			productType = "com.apple.product-type.application";
		};
		FDAAA2081FAA220700A7DFA3 /* TakeakariBibbleTests */ = {
			isa = PBXNativeTarget;
			buildConfigurationList = FDAAA2201FAA220700A7DFA3 /* Build configuration list for PBXNativeTarget "TakeakariBibbleTests" */;
			buildPhases = (
				FDAAA2051FAA220700A7DFA3 /* Sources */,
				FDAAA2061FAA220700A7DFA3 /* Frameworks */,
				FDAAA2071FAA220700A7DFA3 /* Resources */,
			);
			buildRules = (
			);
			dependencies = (
				FDAAA20B1FAA220700A7DFA3 /* PBXTargetDependency */,
			);
			name = TakeakariBibbleTests;
			productName = BibbleTestTests;
			productReference = FDAAA2091FAA220700A7DFA3 /* TakeakariBibbleTests.xctest */;
			productType = "com.apple.product-type.bundle.unit-test";
		};
		FDAAA2131FAA220700A7DFA3 /* TakeakariBibbleUITests */ = {
			isa = PBXNativeTarget;
			buildConfigurationList = FDAAA2231FAA220700A7DFA3 /* Build configuration list for PBXNativeTarget "TakeakariBibbleUITests" */;
			buildPhases = (
				FDAAA2101FAA220700A7DFA3 /* Sources */,
				FDAAA2111FAA220700A7DFA3 /* Frameworks */,
				FDAAA2121FAA220700A7DFA3 /* Resources */,
			);
			buildRules = (
			);
			dependencies = (
				FDAAA2161FAA220700A7DFA3 /* PBXTargetDependency */,
			);
			name = TakeakariBibbleUITests;
			productName = BibbleTestUITests;
			productReference = FDAAA2141FAA220700A7DFA3 /* TakeakariBibbleUITests.xctest */;
			productType = "com.apple.product-type.bundle.ui-testing";
		};
/* End PBXNativeTarget section */

/* Begin PBXProject section */
		FDAAA1EF1FAA220600A7DFA3 /* Project object */ = {
			isa = PBXProject;
			attributes = {
				LastSwiftUpdateCheck = 0900;
				LastUpgradeCheck = 0900;
				ORGANIZATIONNAME = "Shinobu Izumi";
				TargetAttributes = {
					FDAAA1F61FAA220600A7DFA3 = {
						CreatedOnToolsVersion = 9.0.1;
						ProvisioningStyle = Automatic;
					};
					FDAAA2081FAA220700A7DFA3 = {
						CreatedOnToolsVersion = 9.0.1;
						ProvisioningStyle = Automatic;
						TestTargetID = FDAAA1F61FAA220600A7DFA3;
					};
					FDAAA2131FAA220700A7DFA3 = {
						CreatedOnToolsVersion = 9.0.1;
						ProvisioningStyle = Automatic;
						TestTargetID = FDAAA1F61FAA220600A7DFA3;
					};
				};
			};
			buildConfigurationList = FDAAA1F21FAA220600A7DFA3 /* Build configuration list for PBXProject "TakeakariBibble" */;
			compatibilityVersion = "Xcode 8.0";
			developmentRegion = en;
			hasScannedForEncodings = 0;
			knownRegions = (
				en,
				Base,
			);
			mainGroup = FDAAA1EE1FAA220600A7DFA3;
			productRefGroup = FDAAA1F81FAA220600A7DFA3 /* Products */;
			projectDirPath = "";
			projectRoot = "";
			targets = (
				FDAAA1F61FAA220600A7DFA3 /* TakeakariBibble */,
				FDAAA2081FAA220700A7DFA3 /* TakeakariBibbleTests */,
				FDAAA2131FAA220700A7DFA3 /* TakeakariBibbleUITests */,
			);
		};
/* End PBXProject section */

/* Begin PBXResourcesBuildPhase section */
		FDAAA1F51FAA220600A7DFA3 /* Resources */ = {
			isa = PBXResourcesBuildPhase;
			buildActionMask = 2147483647;
			files = (
				FDAAA1FF1FAA220600A7DFA3 /* Assets.xcassets in Resources */,
				FDAAA2021FAA220700A7DFA3 /* Main.storyboard in Resources */,
			);
			runOnlyForDeploymentPostprocessing = 0;
		};
		FDAAA2071FAA220700A7DFA3 /* Resources */ = {
			isa = PBXResourcesBuildPhase;
			buildActionMask = 2147483647;
			files = (
			);
			runOnlyForDeploymentPostprocessing = 0;
		};
		FDAAA2121FAA220700A7DFA3 /* Resources */ = {
			isa = PBXResourcesBuildPhase;
			buildActionMask = 2147483647;
			files = (
			);
			runOnlyForDeploymentPostprocessing = 0;
		};
/* End PBXResourcesBuildPhase section */

/* Begin PBXSourcesBuildPhase section */
		FDAAA1F31FAA220600A7DFA3 /* Sources */ = {
			isa = PBXSourcesBuildPhase;
			buildActionMask = 2147483647;
			files = (
				FDAAA1FD1FAA220600A7DFA3 /* ViewController.swift in Sources */,
				FDFA77A81FB2286200A965FE /* Biblle.swift in Sources */,
				FDF5EE931FB9900F001E0F84 /* Connection.swift in Sources */,
				FDAAA1FB1FAA220600A7DFA3 /* AppDelegate.swift in Sources */,
				FDFA77AA1FB2305500A965FE /* AppleMfgData.swift in Sources */,
			);
			runOnlyForDeploymentPostprocessing = 0;
		};
		FDAAA2051FAA220700A7DFA3 /* Sources */ = {
			isa = PBXSourcesBuildPhase;
			buildActionMask = 2147483647;
			files = (
				FDAAA20E1FAA220700A7DFA3 /* TakeakariBibbleTests.swift in Sources */,
			);
			runOnlyForDeploymentPostprocessing = 0;
		};
		FDAAA2101FAA220700A7DFA3 /* Sources */ = {
			isa = PBXSourcesBuildPhase;
			buildActionMask = 2147483647;
			files = (
				FDAAA2191FAA220700A7DFA3 /* TakeakariBibbleUITests.swift in Sources */,
			);
			runOnlyForDeploymentPostprocessing = 0;
		};
/* End PBXSourcesBuildPhase section */

/* Begin PBXTargetDependency section */
		FDAAA20B1FAA220700A7DFA3 /* PBXTargetDependency */ = {
			isa = PBXTargetDependency;
			target = FDAAA1F61FAA220600A7DFA3 /* TakeakariBibble */;
			targetProxy = FDAAA20A1FAA220700A7DFA3 /* PBXContainerItemProxy */;
		};
		FDAAA2161FAA220700A7DFA3 /* PBXTargetDependency */ = {
			isa = PBXTargetDependency;
			target = FDAAA1F61FAA220600A7DFA3 /* TakeakariBibble */;
			targetProxy = FDAAA2151FAA220700A7DFA3 /* PBXContainerItemProxy */;
		};
/* End PBXTargetDependency section */

/* Begin PBXVariantGroup section */
		FDAAA2001FAA220700A7DFA3 /* Main.storyboard */ = {
			isa = PBXVariantGroup;
			children = (
				FDAAA2011FAA220700A7DFA3 /* Base */,
			);
			name = Main.storyboard;
			sourceTree = "<group>";
		};
/* End PBXVariantGroup section */

/* Begin XCBuildConfiguration section */
		FDAAA21B1FAA220700A7DFA3 /* Debug */ = {
			isa = XCBuildConfiguration;
			buildSettings = {
				ALWAYS_SEARCH_USER_PATHS = NO;
				CLANG_ANALYZER_NONNULL = YES;
				CLANG_ANALYZER_NUMBER_OBJECT_CONVERSION = YES_AGGRESSIVE;
				CLANG_CXX_LANGUAGE_STANDARD = "gnu++14";
				CLANG_CXX_LIBRARY = "libc++";
				CLANG_ENABLE_MODULES = YES;
				CLANG_ENABLE_OBJC_ARC = YES;
				CLANG_WARN_BLOCK_CAPTURE_AUTORELEASING = YES;
				CLANG_WARN_BOOL_CONVERSION = YES;
				CLANG_WARN_COMMA = YES;
				CLANG_WARN_CONSTANT_CONVERSION = YES;
				CLANG_WARN_DIRECT_OBJC_ISA_USAGE = YES_ERROR;
				CLANG_WARN_DOCUMENTATION_COMMENTS = YES;
				CLANG_WARN_EMPTY_BODY = YES;
				CLANG_WARN_ENUM_CONVERSION = YES;
				CLANG_WARN_INFINITE_RECURSION = YES;
				CLANG_WARN_INT_CONVERSION = YES;
				CLANG_WARN_NON_LITERAL_NULL_CONVERSION = YES;
				CLANG_WARN_OBJC_LITERAL_CONVERSION = YES;
				CLANG_WARN_OBJC_ROOT_CLASS = YES_ERROR;
				CLANG_WARN_RANGE_LOOP_ANALYSIS = YES;
				CLANG_WARN_STRICT_PROTOTYPES = YES;
				CLANG_WARN_SUSPICIOUS_MOVE = YES;
				CLANG_WARN_UNGUARDED_AVAILABILITY = YES_AGGRESSIVE;
				CLANG_WARN_UNREACHABLE_CODE = YES;
				CLANG_WARN__DUPLICATE_METHOD_MATCH = YES;
				CODE_SIGN_IDENTITY = "Mac Developer";
				COPY_PHASE_STRIP = NO;
				DEBUG_INFORMATION_FORMAT = dwarf;
				ENABLE_STRICT_OBJC_MSGSEND = YES;
				ENABLE_TESTABILITY = YES;
				GCC_C_LANGUAGE_STANDARD = gnu11;
				GCC_DYNAMIC_NO_PIC = NO;
				GCC_NO_COMMON_BLOCKS = YES;
				GCC_OPTIMIZATION_LEVEL = 0;
				GCC_PREPROCESSOR_DEFINITIONS = (
					"DEBUG=1",
					"$(inherited)",
				);
				GCC_WARN_64_TO_32_BIT_CONVERSION = YES;
				GCC_WARN_ABOUT_RETURN_TYPE = YES_ERROR;
				GCC_WARN_UNDECLARED_SELECTOR = YES;
				GCC_WARN_UNINITIALIZED_AUTOS = YES_AGGRESSIVE;
				GCC_WARN_UNUSED_FUNCTION = YES;
				GCC_WARN_UNUSED_VARIABLE = YES;
				MACOSX_DEPLOYMENT_TARGET = 10.12;
				MTL_ENABLE_DEBUG_INFO = YES;
				ONLY_ACTIVE_ARCH = YES;
				SDKROOT = macosx;
				SWIFT_ACTIVE_COMPILATION_CONDITIONS = DEBUG;
				SWIFT_OPTIMIZATION_LEVEL = "-Onone";
			};
			name = Debug;
		};
		FDAAA21C1FAA220700A7DFA3 /* Release */ = {
			isa = XCBuildConfiguration;
			buildSettings = {
				ALWAYS_SEARCH_USER_PATHS = NO;
				CLANG_ANALYZER_NONNULL = YES;
				CLANG_ANALYZER_NUMBER_OBJECT_CONVERSION = YES_AGGRESSIVE;
				CLANG_CXX_LANGUAGE_STANDARD = "gnu++14";
				CLANG_CXX_LIBRARY = "libc++";
				CLANG_ENABLE_MODULES = YES;
				CLANG_ENABLE_OBJC_ARC = YES;
				CLANG_WARN_BLOCK_CAPTURE_AUTORELEASING = YES;
				CLANG_WARN_BOOL_CONVERSION = YES;
				CLANG_WARN_COMMA = YES;
				CLANG_WARN_CONSTANT_CONVERSION = YES;
				CLANG_WARN_DIRECT_OBJC_ISA_USAGE = YES_ERROR;
				CLANG_WARN_DOCUMENTATION_COMMENTS = YES;
				CLANG_WARN_EMPTY_BODY = YES;
				CLANG_WARN_ENUM_CONVERSION = YES;
				CLANG_WARN_INFINITE_RECURSION = YES;
				CLANG_WARN_INT_CONVERSION = YES;
				CLANG_WARN_NON_LITERAL_NULL_CONVERSION = YES;
				CLANG_WARN_OBJC_LITERAL_CONVERSION = YES;
				CLANG_WARN_OBJC_ROOT_CLASS = YES_ERROR;
				CLANG_WARN_RANGE_LOOP_ANALYSIS = YES;
				CLANG_WARN_STRICT_PROTOTYPES = YES;
				CLANG_WARN_SUSPICIOUS_MOVE = YES;
				CLANG_WARN_UNGUARDED_AVAILABILITY = YES_AGGRESSIVE;
				CLANG_WARN_UNREACHABLE_CODE = YES;
				CLANG_WARN__DUPLICATE_METHOD_MATCH = YES;
				CODE_SIGN_IDENTITY = "Mac Developer";
				COPY_PHASE_STRIP = NO;
				DEBUG_INFORMATION_FORMAT = "dwarf-with-dsym";
				ENABLE_NS_ASSERTIONS = NO;
				ENABLE_STRICT_OBJC_MSGSEND = YES;
				GCC_C_LANGUAGE_STANDARD = gnu11;
				GCC_NO_COMMON_BLOCKS = YES;
				GCC_WARN_64_TO_32_BIT_CONVERSION = YES;
				GCC_WARN_ABOUT_RETURN_TYPE = YES_ERROR;
				GCC_WARN_UNDECLARED_SELECTOR = YES;
				GCC_WARN_UNINITIALIZED_AUTOS = YES_AGGRESSIVE;
				GCC_WARN_UNUSED_FUNCTION = YES;
				GCC_WARN_UNUSED_VARIABLE = YES;
				MACOSX_DEPLOYMENT_TARGET = 10.12;
				MTL_ENABLE_DEBUG_INFO = NO;
				SDKROOT = macosx;
				SWIFT_OPTIMIZATION_LEVEL = "-Owholemodule";
			};
			name = Release;
		};
		FDAAA21E1FAA220700A7DFA3 /* Debug */ = {
			isa = XCBuildConfiguration;
			buildSettings = {
				ASSETCATALOG_COMPILER_APPICON_NAME = AppIcon;
				CODE_SIGN_STYLE = Automatic;
				COMBINE_HIDPI_IMAGES = YES;
				DEVELOPMENT_TEAM = W45JVAARPP;
				INFOPLIST_FILE = TakeakariBibble/Info.plist;
				LD_RUNPATH_SEARCH_PATHS = "$(inherited) @executable_path/../Frameworks";
				MACOSX_DEPLOYMENT_TARGET = 10.13;
				PRODUCT_BUNDLE_IDENTIFIER = jp.ac.sojou.cis.izumi.TakeakariBibble;
				PRODUCT_NAME = "$(TARGET_NAME)";
				SWIFT_VERSION = 3.0;
			};
			name = Debug;
		};
		FDAAA21F1FAA220700A7DFA3 /* Release */ = {
			isa = XCBuildConfiguration;
			buildSettings = {
				ASSETCATALOG_COMPILER_APPICON_NAME = AppIcon;
				CODE_SIGN_STYLE = Automatic;
				COMBINE_HIDPI_IMAGES = YES;
				DEVELOPMENT_TEAM = W45JVAARPP;
				INFOPLIST_FILE = TakeakariBibble/Info.plist;
				LD_RUNPATH_SEARCH_PATHS = "$(inherited) @executable_path/../Frameworks";
				MACOSX_DEPLOYMENT_TARGET = 10.13;
				PRODUCT_BUNDLE_IDENTIFIER = jp.ac.sojou.cis.izumi.TakeakariBibble;
				PRODUCT_NAME = "$(TARGET_NAME)";
				SWIFT_VERSION = 3.0;
			};
			name = Release;
		};
		FDAAA2211FAA220700A7DFA3 /* Debug */ = {
			isa = XCBuildConfiguration;
			buildSettings = {
				ALWAYS_EMBED_SWIFT_STANDARD_LIBRARIES = YES;
				BUNDLE_LOADER = "$(TEST_HOST)";
				CODE_SIGN_STYLE = Automatic;
				COMBINE_HIDPI_IMAGES = YES;
				DEVELOPMENT_TEAM = W45JVAARPP;
				INFOPLIST_FILE = TakeakariBibbleTests/Info.plist;
				LD_RUNPATH_SEARCH_PATHS = "$(inherited) @executable_path/../Frameworks @loader_path/../Frameworks";
				PRODUCT_BUNDLE_IDENTIFIER = jp.ac.sojou.cis.izumi.TakeakariBibbleTests;
				PRODUCT_NAME = "$(TARGET_NAME)";
				SWIFT_VERSION = 4.0;
				TEST_HOST = "$(BUILT_PRODUCTS_DIR)/TakeakariBibble.app/Contents/MacOS/TakeakariBibble";
			};
			name = Debug;
		};
		FDAAA2221FAA220700A7DFA3 /* Release */ = {
			isa = XCBuildConfiguration;
			buildSettings = {
				ALWAYS_EMBED_SWIFT_STANDARD_LIBRARIES = YES;
				BUNDLE_LOADER = "$(TEST_HOST)";
				CODE_SIGN_STYLE = Automatic;
				COMBINE_HIDPI_IMAGES = YES;
				DEVELOPMENT_TEAM = W45JVAARPP;
				INFOPLIST_FILE = TakeakariBibbleTests/Info.plist;
				LD_RUNPATH_SEARCH_PATHS = "$(inherited) @executable_path/../Frameworks @loader_path/../Frameworks";
				PRODUCT_BUNDLE_IDENTIFIER = jp.ac.sojou.cis.izumi.TakeakariBibbleTests;
				PRODUCT_NAME = "$(TARGET_NAME)";
				SWIFT_VERSION = 4.0;
				TEST_HOST = "$(BUILT_PRODUCTS_DIR)/TakeakariBibble.app/Contents/MacOS/TakeakariBibble";
			};
			name = Release;
		};
		FDAAA2241FAA220700A7DFA3 /* Debug */ = {
			isa = XCBuildConfiguration;
			buildSettings = {
				ALWAYS_EMBED_SWIFT_STANDARD_LIBRARIES = YES;
				CODE_SIGN_STYLE = Automatic;
				COMBINE_HIDPI_IMAGES = YES;
				DEVELOPMENT_TEAM = W45JVAARPP;
				INFOPLIST_FILE = TakeakariBibbleUITests/Info.plist;
				LD_RUNPATH_SEARCH_PATHS = "$(inherited) @executable_path/../Frameworks @loader_path/../Frameworks";
				PRODUCT_BUNDLE_IDENTIFIER = jp.ac.sojou.cis.izumi.TakeakariBibbleUITests;
				PRODUCT_NAME = "$(TARGET_NAME)";
				SWIFT_VERSION = 4.0;
				TEST_TARGET_NAME = TakeakariBibble;
			};
			name = Debug;
		};
		FDAAA2251FAA220700A7DFA3 /* Release */ = {
			isa = XCBuildConfiguration;
			buildSettings = {
				ALWAYS_EMBED_SWIFT_STANDARD_LIBRARIES = YES;
				CODE_SIGN_STYLE = Automatic;
				COMBINE_HIDPI_IMAGES = YES;
				DEVELOPMENT_TEAM = W45JVAARPP;
				INFOPLIST_FILE = TakeakariBibbleUITests/Info.plist;
				LD_RUNPATH_SEARCH_PATHS = "$(inherited) @executable_path/../Frameworks @loader_path/../Frameworks";
				PRODUCT_BUNDLE_IDENTIFIER = jp.ac.sojou.cis.izumi.TakeakariBibbleUITests;
				PRODUCT_NAME = "$(TARGET_NAME)";
				SWIFT_VERSION = 4.0;
				TEST_TARGET_NAME = TakeakariBibble;
			};
			name = Release;
		};
/* End XCBuildConfiguration section */

/* Begin XCConfigurationList section */
		FDAAA1F21FAA220600A7DFA3 /* Build configuration list for PBXProject "TakeakariBibble" */ = {
			isa = XCConfigurationList;
			buildConfigurations = (
				FDAAA21B1FAA220700A7DFA3 /* Debug */,
				FDAAA21C1FAA220700A7DFA3 /* Release */,
			);
			defaultConfigurationIsVisible = 0;
			defaultConfigurationName = Release;
		};
		FDAAA21D1FAA220700A7DFA3 /* Build configuration list for PBXNativeTarget "TakeakariBibble" */ = {
			isa = XCConfigurationList;
			buildConfigurations = (
				FDAAA21E1FAA220700A7DFA3 /* Debug */,
				FDAAA21F1FAA220700A7DFA3 /* Release */,
			);
			defaultConfigurationIsVisible = 0;
			defaultConfigurationName = Release;
		};
		FDAAA2201FAA220700A7DFA3 /* Build configuration list for PBXNativeTarget "TakeakariBibbleTests" */ = {
			isa = XCConfigurationList;
			buildConfigurations = (
				FDAAA2211FAA220700A7DFA3 /* Debug */,
				FDAAA2221FAA220700A7DFA3 /* Release */,
			);
			defaultConfigurationIsVisible = 0;
			defaultConfigurationName = Release;
		};
		FDAAA2231FAA220700A7DFA3 /* Build configuration list for PBXNativeTarget "TakeakariBibbleUITests" */ = {
			isa = XCConfigurationList;
			buildConfigurations = (
				FDAAA2241FAA220700A7DFA3 /* Debug */,
				FDAAA2251FAA220700A7DFA3 /* Release */,
			);
			defaultConfigurationIsVisible = 0;
			defaultConfigurationName = Release;
		};
/* End XCConfigurationList section */
	};
	rootObject = FDAAA1EF1FAA220600A7DFA3 /* Project object */;
}
